{
  "name": "route-couple-app",
  "version": "0.2.2",
  "lockfileVersion": 3,
  "requires": true,
  "packages": {
    "": {
      "name": "route-couple-app",
      "version": "0.2.2",
      "dependencies": {
        "@capacitor/android": "latest",
        "@capacitor/app": "latest",
        "@capacitor/camera": "latest",
        "@capacitor/core": "latest",
        "@capacitor/device": "latest",
        "@capacitor/filesystem": "latest",
        "@capacitor/geolocation": "latest",
        "@capacitor/haptics": "latest",
        "@capacitor/ios": "latest",
        "@capacitor/keyboard": "latest",
        "@capacitor/local-notifications": "latest",
        "@capacitor/preferences": "latest",
        "@capacitor/push-notifications": "latest",
        "@capacitor/splash-screen": "latest",
        "@capacitor/status-bar": "latest",
        "@vitejs/plugin-react": "latest",
        "firebase": "^12.18.0",
        "lucide-react": "latest",
        "react": "latest",
        "react-dom": "latest",
        "typescript": "latest",
        "vite": "latest"
      },
      "devDependencies": {
        "@capacitor/cli": "latest",
        "@eslint/js": "latest",
        "@types/react": "latest",
        "@types/react-dom": "latest",
        "eslint": "latest",
        "eslint-plugin-react-hooks": "latest",
        "eslint-plugin-react-refresh": "latest",
        "globals": "latest",
        "typescript-eslint": "latest"
      }
    }
  }
}
